
Microsoft Visual Studio Solution File, Format Version 12.00
# Visual Studio 2013
VisualStudioVersion = 12.0.30723.0
MinimumVisualStudioVersion = 10.0.40219.1
Project("{FAE04EC0-301F-11D3-BF4B-00C04F79EFBC}") = "ShipStationAccess", "ShipStationAccess\ShipStationAccess.csproj", "{C1855B97-9773-4FAA-B842-DC72B20EE49D}"
EndProject
Project("{2150E333-8FDC-42A3-9474-1A3956D46DE8}") = ".nuget", ".nuget", "{5D78B4AA-DDE9-42F1-A916-7E605ED1BFFA}"
	ProjectSection(SolutionItems) = preProject
		.nuget\NuGet.Config = .nuget\NuGet.Config
		.nuget\NuGet.exe = .nuget\NuGet.exe
		.nuget\NuGet.targets = .nuget\NuGet.targets
	EndProjectSection
EndProject
Project("{FAE04EC0-301F-11D3-BF4B-00C04F79EFBC}") = "ShipStationAccessTests", "ShipStationAccessTests\ShipStationAccessTests.csproj", "{A97D55FA-EAC1-405A-8246-2B5E378824F3}"
EndProject
Global
	GlobalSection(SolutionConfigurationPlatforms) = preSolution
		Debug|Any CPU = Debug|Any CPU
		Release|Any CPU = Release|Any CPU
	EndGlobalSection
	GlobalSection(ProjectConfigurationPlatforms) = postSolution
		{C1855B97-9773-4FAA-B842-DC72B20EE49D}.Debug|Any CPU.ActiveCfg = Debug|Any CPU
		{C1855B97-9773-4FAA-B842-DC72B20EE49D}.Debug|Any CPU.Build.0 = Debug|Any CPU
		{C1855B97-9773-4FAA-B842-DC72B20EE49D}.Release|Any CPU.ActiveCfg = Release|Any CPU
		{C1855B97-9773-4FAA-B842-DC72B20EE49D}.Release|Any CPU.Build.0 = Release|Any CPU
		{A97D55FA-EAC1-405A-8246-2B5E378824F3}.Debug|Any CPU.ActiveCfg = Debug|Any CPU
		{A97D55FA-EAC1-405A-8246-2B5E378824F3}.Debug|Any CPU.Build.0 = Debug|Any CPU
		{A97D55FA-EAC1-405A-8246-2B5E378824F3}.Release|Any CPU.ActiveCfg = Release|Any CPU
		{A97D55FA-EAC1-405A-8246-2B5E378824F3}.Release|Any CPU.Build.0 = Release|Any CPU
	EndGlobalSection
	GlobalSection(SolutionProperties) = preSolution
		HideSolutionNode = FALSE
	EndGlobalSection
EndGlobal
